
Microsoft Visual Studio Solution File, Format Version 12.00
# Visual Studio Version 16
VisualStudioVersion = 16.0.29920.165
MinimumVisualStudioVersion = 10.0.40219.1
Project("{FAE04EC0-301F-11D3-BF4B-00C04F79EFBC}") = "JediComlink", "JediComlink\JediComlink.csproj", "{BA1BAB5C-BFD6-4BF0-8373-540F63842BAB}"
EndProject
Project("{FAE04EC0-301F-11D3-BF4B-00C04F79EFBC}") = "JediCodeplug", "JediCodeplug\JediCodeplug.csproj", "{D679836F-C1F3-4620-9A44-174813DDDFBD}"
EndProject
Global
	GlobalSection(SolutionConfigurationPlatforms) = preSolution
		Debug|Any CPU = Debug|Any CPU
		Release|Any CPU = Release|Any CPU
	EndGlobalSection
	GlobalSection(ProjectConfigurationPlatforms) = postSolution
		{BA1BAB5C-BFD6-4BF0-8373-540F63842BAB}.Debug|Any CPU.ActiveCfg = Debug|Any CPU
		{BA1BAB5C-BFD6-4BF0-8373-540F63842BAB}.Debug|Any CPU.Build.0 = Debug|Any CPU
		{BA1BAB5C-BFD6-4BF0-8373-540F63842BAB}.Release|Any CPU.ActiveCfg = Release|Any CPU
		{BA1BAB5C-BFD6-4BF0-8373-540F63842BAB}.Release|Any CPU.Build.0 = Release|Any CPU
		{D679836F-C1F3-4620-9A44-174813DDDFBD}.Debug|Any CPU.ActiveCfg = Debug|Any CPU
		{D679836F-C1F3-4620-9A44-174813DDDFBD}.Debug|Any CPU.Build.0 = Debug|Any CPU
		{D679836F-C1F3-4620-9A44-174813DDDFBD}.Release|Any CPU.ActiveCfg = Release|Any CPU
		{D679836F-C1F3-4620-9A44-174813DDDFBD}.Release|Any CPU.Build.0 = Release|Any CPU
	EndGlobalSection
	GlobalSection(SolutionProperties) = preSolution
		HideSolutionNode = FALSE
	EndGlobalSection
	GlobalSection(ExtensibilityGlobals) = postSolution
		SolutionGuid = {67CAB458-E6F6-4AD6-801E-F2622C102FBC}
	EndGlobalSection
EndGlobal
